
Microsoft Visual Studio Solution File, Format Version 12.00
# Visual Studio Version 17
VisualStudioVersion = 17.14.36429.23 d17.14
MinimumVisualStudioVersion = 10.0.40219.1
Project("{FAE04EC0-301F-11D3-BF4B-00C04F79EFBC}") = "CombatSimulation", "CombatSimulation.csproj", "{8C0828E8-4EB8-4A46-968E-2AD7EA502420}"
EndProject
Project("{FAE04EC0-301F-11D3-BF4B-00C04F79EFBC}") = "CombatSimulation.Tests", "CombatSimulation.Tests\CombatSimulation.Tests.csproj", "{B488708B-9DF4-4B14-9710-1BA50AF22737}"
EndProject
Global
	GlobalSection(SolutionConfigurationPlatforms) = preSolution
		Debug|Any CPU = Debug|Any CPU
		Release|Any CPU = Release|Any CPU
	EndGlobalSection
	GlobalSection(ProjectConfigurationPlatforms) = postSolution
		{8C0828E8-4EB8-4A46-968E-2AD7EA502420}.Debug|Any CPU.ActiveCfg = Debug|Any CPU
		{8C0828E8-4EB8-4A46-968E-2AD7EA502420}.Debug|Any CPU.Build.0 = Debug|Any CPU
		{8C0828E8-4EB8-4A46-968E-2AD7EA502420}.Release|Any CPU.ActiveCfg = Release|Any CPU
		{8C0828E8-4EB8-4A46-968E-2AD7EA502420}.Release|Any CPU.Build.0 = Release|Any CPU
		{B488708B-9DF4-4B14-9710-1BA50AF22737}.Debug|Any CPU.ActiveCfg = Debug|Any CPU
		{B488708B-9DF4-4B14-9710-1BA50AF22737}.Debug|Any CPU.Build.0 = Debug|Any CPU
		{B488708B-9DF4-4B14-9710-1BA50AF22737}.Release|Any CPU.ActiveCfg = Release|Any CPU
		{B488708B-9DF4-4B14-9710-1BA50AF22737}.Release|Any CPU.Build.0 = Release|Any CPU
	EndGlobalSection
	GlobalSection(SolutionProperties) = preSolution
		HideSolutionNode = FALSE
	EndGlobalSection
	GlobalSection(ExtensibilityGlobals) = postSolution
		SolutionGuid = {3DEA7DF6-F5AA-4CB4-BED8-E71F04CDBC39}
	EndGlobalSection
EndGlobal
